
Microsoft Visual Studio Solution File, Format Version 12.00
# Visual Studio Version 17
VisualStudioVersion = 17.13.35617.110 d17.13
MinimumVisualStudioVersion = 10.0.40219.1
Project("{FAE04EC0-301F-11D3-BF4B-00C04F79EFBC}") = "Enzo_Furtini_DR2_TP1", "Enzo_Furtini_DR2_TP1\Enzo_Furtini_DR2_TP1.csproj", "{8F8CB143-A3D8-46DE-B368-1D369911F3FB}"
EndProject
Project("{2150E333-8FDC-42A3-9474-1A3956D46DE8}") = "Pdf", "Pdf", "{02EA681E-C7D8-13C7-8484-4AC65E1B71E8}"
EndProject
Global
	GlobalSection(SolutionConfigurationPlatforms) = preSolution
		Debug|Any CPU = Debug|Any CPU
		Release|Any CPU = Release|Any CPU
	EndGlobalSection
	GlobalSection(ProjectConfigurationPlatforms) = postSolution
		{8F8CB143-A3D8-46DE-B368-1D369911F3FB}.Debug|Any CPU.ActiveCfg = Debug|Any CPU
		{8F8CB143-A3D8-46DE-B368-1D369911F3FB}.Debug|Any CPU.Build.0 = Debug|Any CPU
		{8F8CB143-A3D8-46DE-B368-1D369911F3FB}.Release|Any CPU.ActiveCfg = Release|Any CPU
		{8F8CB143-A3D8-46DE-B368-1D369911F3FB}.Release|Any CPU.Build.0 = Release|Any CPU
	EndGlobalSection
	GlobalSection(SolutionProperties) = preSolution
		HideSolutionNode = FALSE
	EndGlobalSection
	GlobalSection(ExtensibilityGlobals) = postSolution
		SolutionGuid = {C007298D-A52C-4297-B5D4-EEB8691DA45E}
	EndGlobalSection
EndGlobal
